
Microsoft Visual Studio Solution File, Format Version 12.00
# Visual Studio 15
VisualStudioVersion = 15.0.26430.13
MinimumVisualStudioVersion = 10.0.40219.1
Project("{2150E333-8FDC-42A3-9474-1A3956D46DE8}") = "Solution Items", "Solution Items", "{EE2C5562-493E-484A-AE43-0AC1B928D58B}"
	ProjectSection(SolutionItems) = preProject
		TakoDeployLibs\global.json = TakoDeployLibs\global.json
	EndProjectSection
EndProject
Project("{FAE04EC0-301F-11D3-BF4B-00C04F79EFBC}") = "TakoDeployLib", "TakoDeployLib\TakoDeployLib.csproj", "{7E7105D9-EDE6-41FA-8E53-8AE3ED9403E6}"
EndProject
Project("{FAE04EC0-301F-11D3-BF4B-00C04F79EFBC}") = "TakoDeployWPF", "TakoDeployWPF\TakoDeployWPF.csproj", "{5DE31CC4-8781-45C3-B78F-CC9DFB4000F2}"
EndProject
Project("{2150E333-8FDC-42A3-9474-1A3956D46DE8}") = "Tests", "Tests", "{91151FA1-C79C-41D1-9BEF-9AC6DE913AFA}"
EndProject
Project("{FAE04EC0-301F-11D3-BF4B-00C04F79EFBC}") = "TakoDeployXUnit", "TakoDeployXUnit\TakoDeployXUnit.csproj", "{C7AD1AC0-565B-407A-86D8-227B0242AAB3}"
EndProject
Project("{FAE04EC0-301F-11D3-BF4B-00C04F79EFBC}") = "IntegrationTests", "IntegrationTests\IntegrationTests.csproj", "{228DE8C0-60B4-4428-9F54-A6F47D0B3B3F}"
EndProject
Global
	GlobalSection(SolutionConfigurationPlatforms) = preSolution
		Debug|Any CPU = Debug|Any CPU
		Debug|ARM = Debug|ARM
		Debug|x64 = Debug|x64
		Debug|x86 = Debug|x86
		Release|Any CPU = Release|Any CPU
		Release|ARM = Release|ARM
		Release|x64 = Release|x64
		Release|x86 = Release|x86
		ReleaseSquirrel|Any CPU = ReleaseSquirrel|Any CPU
		ReleaseSquirrel|ARM = ReleaseSquirrel|ARM
		ReleaseSquirrel|x64 = ReleaseSquirrel|x64
		ReleaseSquirrel|x86 = ReleaseSquirrel|x86
	EndGlobalSection
	GlobalSection(ProjectConfigurationPlatforms) = postSolution
		{7E7105D9-EDE6-41FA-8E53-8AE3ED9403E6}.Debug|Any CPU.ActiveCfg = Debug|Any CPU
		{7E7105D9-EDE6-41FA-8E53-8AE3ED9403E6}.Debug|Any CPU.Build.0 = Debug|Any CPU
		{7E7105D9-EDE6-41FA-8E53-8AE3ED9403E6}.Debug|ARM.ActiveCfg = Debug|Any CPU
		{7E7105D9-EDE6-41FA-8E53-8AE3ED9403E6}.Debug|ARM.Build.0 = Debug|Any CPU
		{7E7105D9-EDE6-41FA-8E53-8AE3ED9403E6}.Debug|x64.ActiveCfg = Debug|Any CPU
		{7E7105D9-EDE6-41FA-8E53-8AE3ED9403E6}.Debug|x64.Build.0 = Debug|Any CPU
		{7E7105D9-EDE6-41FA-8E53-8AE3ED9403E6}.Debug|x86.ActiveCfg = Debug|Any CPU
		{7E7105D9-EDE6-41FA-8E53-8AE3ED9403E6}.Debug|x86.Build.0 = Debug|Any CPU
		{7E7105D9-EDE6-41FA-8E53-8AE3ED9403E6}.Release|Any CPU.ActiveCfg = Release|Any CPU
		{7E7105D9-EDE6-41FA-8E53-8AE3ED9403E6}.Release|Any CPU.Build.0 = Release|Any CPU
		{7E7105D9-EDE6-41FA-8E53-8AE3ED9403E6}.Release|ARM.ActiveCfg = Release|Any CPU
		{7E7105D9-EDE6-41FA-8E53-8AE3ED9403E6}.Release|ARM.Build.0 = Release|Any CPU
		{7E7105D9-EDE6-41FA-8E53-8AE3ED9403E6}.Release|x64.ActiveCfg = Release|Any CPU
		{7E7105D9-EDE6-41FA-8E53-8AE3ED9403E6}.Release|x64.Build.0 = Release|Any CPU
		{7E7105D9-EDE6-41FA-8E53-8AE3ED9403E6}.Release|x86.ActiveCfg = Release|Any CPU
		{7E7105D9-EDE6-41FA-8E53-8AE3ED9403E6}.Release|x86.Build.0 = Release|Any CPU
		{7E7105D9-EDE6-41FA-8E53-8AE3ED9403E6}.ReleaseSquirrel|Any CPU.ActiveCfg = Release|Any CPU
		{7E7105D9-EDE6-41FA-8E53-8AE3ED9403E6}.ReleaseSquirrel|Any CPU.Build.0 = Release|Any CPU
		{7E7105D9-EDE6-41FA-8E53-8AE3ED9403E6}.ReleaseSquirrel|ARM.ActiveCfg = Release|Any CPU
		{7E7105D9-EDE6-41FA-8E53-8AE3ED9403E6}.ReleaseSquirrel|ARM.Build.0 = Release|Any CPU
		{7E7105D9-EDE6-41FA-8E53-8AE3ED9403E6}.ReleaseSquirrel|x64.ActiveCfg = Release|Any CPU
		{7E7105D9-EDE6-41FA-8E53-8AE3ED9403E6}.ReleaseSquirrel|x64.Build.0 = Release|Any CPU
		{7E7105D9-EDE6-41FA-8E53-8AE3ED9403E6}.ReleaseSquirrel|x86.ActiveCfg = Release|Any CPU
		{7E7105D9-EDE6-41FA-8E53-8AE3ED9403E6}.ReleaseSquirrel|x86.Build.0 = Release|Any CPU
		{5DE31CC4-8781-45C3-B78F-CC9DFB4000F2}.Debug|Any CPU.ActiveCfg = Debug|Any CPU
		{5DE31CC4-8781-45C3-B78F-CC9DFB4000F2}.Debug|Any CPU.Build.0 = Debug|Any CPU
		{5DE31CC4-8781-45C3-B78F-CC9DFB4000F2}.Debug|ARM.ActiveCfg = Debug|Any CPU
		{5DE31CC4-8781-45C3-B78F-CC9DFB4000F2}.Debug|ARM.Build.0 = Debug|Any CPU
		{5DE31CC4-8781-45C3-B78F-CC9DFB4000F2}.Debug|x64.ActiveCfg = Debug|Any CPU
		{5DE31CC4-8781-45C3-B78F-CC9DFB4000F2}.Debug|x64.Build.0 = Debug|Any CPU
		{5DE31CC4-8781-45C3-B78F-CC9DFB4000F2}.Debug|x86.ActiveCfg = Debug|Any CPU
		{5DE31CC4-8781-45C3-B78F-CC9DFB4000F2}.Debug|x86.Build.0 = Debug|Any CPU
		{5DE31CC4-8781-45C3-B78F-CC9DFB4000F2}.Release|Any CPU.ActiveCfg = Release|Any CPU
		{5DE31CC4-8781-45C3-B78F-CC9DFB4000F2}.Release|Any CPU.Build.0 = Release|Any CPU
		{5DE31CC4-8781-45C3-B78F-CC9DFB4000F2}.Release|ARM.ActiveCfg = Release|Any CPU
		{5DE31CC4-8781-45C3-B78F-CC9DFB4000F2}.Release|ARM.Build.0 = Release|Any CPU
		{5DE31CC4-8781-45C3-B78F-CC9DFB4000F2}.Release|x64.ActiveCfg = Release|Any CPU
		{5DE31CC4-8781-45C3-B78F-CC9DFB4000F2}.Release|x64.Build.0 = Release|Any CPU
		{5DE31CC4-8781-45C3-B78F-CC9DFB4000F2}.Release|x86.ActiveCfg = Release|Any CPU
		{5DE31CC4-8781-45C3-B78F-CC9DFB4000F2}.Release|x86.Build.0 = Release|Any CPU
		{5DE31CC4-8781-45C3-B78F-CC9DFB4000F2}.ReleaseSquirrel|Any CPU.ActiveCfg = ReleaseSquirrel|Any CPU
		{5DE31CC4-8781-45C3-B78F-CC9DFB4000F2}.ReleaseSquirrel|Any CPU.Build.0 = ReleaseSquirrel|Any CPU
		{5DE31CC4-8781-45C3-B78F-CC9DFB4000F2}.ReleaseSquirrel|ARM.ActiveCfg = ReleaseSquirrel|Any CPU
		{5DE31CC4-8781-45C3-B78F-CC9DFB4000F2}.ReleaseSquirrel|ARM.Build.0 = ReleaseSquirrel|Any CPU
		{5DE31CC4-8781-45C3-B78F-CC9DFB4000F2}.ReleaseSquirrel|x64.ActiveCfg = ReleaseSquirrel|Any CPU
		{5DE31CC4-8781-45C3-B78F-CC9DFB4000F2}.ReleaseSquirrel|x64.Build.0 = ReleaseSquirrel|Any CPU
		{5DE31CC4-8781-45C3-B78F-CC9DFB4000F2}.ReleaseSquirrel|x86.ActiveCfg = ReleaseSquirrel|Any CPU
		{5DE31CC4-8781-45C3-B78F-CC9DFB4000F2}.ReleaseSquirrel|x86.Build.0 = ReleaseSquirrel|Any CPU
		{C7AD1AC0-565B-407A-86D8-227B0242AAB3}.Debug|Any CPU.ActiveCfg = Debug|Any CPU
		{C7AD1AC0-565B-407A-86D8-227B0242AAB3}.Debug|Any CPU.Build.0 = Debug|Any CPU
		{C7AD1AC0-565B-407A-86D8-227B0242AAB3}.Debug|ARM.ActiveCfg = Debug|Any CPU
		{C7AD1AC0-565B-407A-86D8-227B0242AAB3}.Debug|ARM.Build.0 = Debug|Any CPU
		{C7AD1AC0-565B-407A-86D8-227B0242AAB3}.Debug|x64.ActiveCfg = Debug|Any CPU
		{C7AD1AC0-565B-407A-86D8-227B0242AAB3}.Debug|x64.Build.0 = Debug|Any CPU
		{C7AD1AC0-565B-407A-86D8-227B0242AAB3}.Debug|x86.ActiveCfg = Debug|Any CPU
		{C7AD1AC0-565B-407A-86D8-227B0242AAB3}.Debug|x86.Build.0 = Debug|Any CPU
		{C7AD1AC0-565B-407A-86D8-227B0242AAB3}.Release|Any CPU.ActiveCfg = Release|Any CPU
		{C7AD1AC0-565B-407A-86D8-227B0242AAB3}.Release|Any CPU.Build.0 = Release|Any CPU
		{C7AD1AC0-565B-407A-86D8-227B0242AAB3}.Release|ARM.ActiveCfg = Release|Any CPU
		{C7AD1AC0-565B-407A-86D8-227B0242AAB3}.Release|ARM.Build.0 = Release|Any CPU
		{C7AD1AC0-565B-407A-86D8-227B0242AAB3}.Release|x64.ActiveCfg = Release|Any CPU
		{C7AD1AC0-565B-407A-86D8-227B0242AAB3}.Release|x64.Build.0 = Release|Any CPU
		{C7AD1AC0-565B-407A-86D8-227B0242AAB3}.Release|x86.ActiveCfg = Release|Any CPU
		{C7AD1AC0-565B-407A-86D8-227B0242AAB3}.Release|x86.Build.0 = Release|Any CPU
		{C7AD1AC0-565B-407A-86D8-227B0242AAB3}.ReleaseSquirrel|Any CPU.ActiveCfg = Release|Any CPU
		{C7AD1AC0-565B-407A-86D8-227B0242AAB3}.ReleaseSquirrel|Any CPU.Build.0 = Release|Any CPU
		{C7AD1AC0-565B-407A-86D8-227B0242AAB3}.ReleaseSquirrel|ARM.ActiveCfg = Release|Any CPU
		{C7AD1AC0-565B-407A-86D8-227B0242AAB3}.ReleaseSquirrel|ARM.Build.0 = Release|Any CPU
		{C7AD1AC0-565B-407A-86D8-227B0242AAB3}.ReleaseSquirrel|x64.ActiveCfg = Release|Any CPU
		{C7AD1AC0-565B-407A-86D8-227B0242AAB3}.ReleaseSquirrel|x64.Build.0 = Release|Any CPU
		{C7AD1AC0-565B-407A-86D8-227B0242AAB3}.ReleaseSquirrel|x86.ActiveCfg = Release|Any CPU
		{C7AD1AC0-565B-407A-86D8-227B0242AAB3}.ReleaseSquirrel|x86.Build.0 = Release|Any CPU
		{228DE8C0-60B4-4428-9F54-A6F47D0B3B3F}.Debug|Any CPU.ActiveCfg = Debug|Any CPU
		{228DE8C0-60B4-4428-9F54-A6F47D0B3B3F}.Debug|Any CPU.Build.0 = Debug|Any CPU
		{228DE8C0-60B4-4428-9F54-A6F47D0B3B3F}.Debug|ARM.ActiveCfg = Debug|Any CPU
		{228DE8C0-60B4-4428-9F54-A6F47D0B3B3F}.Debug|ARM.Build.0 = Debug|Any CPU
		{228DE8C0-60B4-4428-9F54-A6F47D0B3B3F}.Debug|x64.ActiveCfg = Debug|Any CPU
		{228DE8C0-60B4-4428-9F54-A6F47D0B3B3F}.Debug|x64.Build.0 = Debug|Any CPU
		{228DE8C0-60B4-4428-9F54-A6F47D0B3B3F}.Debug|x86.ActiveCfg = Debug|Any CPU
		{228DE8C0-60B4-4428-9F54-A6F47D0B3B3F}.Debug|x86.Build.0 = Debug|Any CPU
		{228DE8C0-60B4-4428-9F54-A6F47D0B3B3F}.Release|Any CPU.ActiveCfg = Release|Any CPU
		{228DE8C0-60B4-4428-9F54-A6F47D0B3B3F}.Release|Any CPU.Build.0 = Release|Any CPU
		{228DE8C0-60B4-4428-9F54-A6F47D0B3B3F}.Release|ARM.ActiveCfg = Release|Any CPU
		{228DE8C0-60B4-4428-9F54-A6F47D0B3B3F}.Release|ARM.Build.0 = Release|Any CPU
		{228DE8C0-60B4-4428-9F54-A6F47D0B3B3F}.Release|x64.ActiveCfg = Release|Any CPU
		{228DE8C0-60B4-4428-9F54-A6F47D0B3B3F}.Release|x64.Build.0 = Release|Any CPU
		{228DE8C0-60B4-4428-9F54-A6F47D0B3B3F}.Release|x86.ActiveCfg = Release|Any CPU
		{228DE8C0-60B4-4428-9F54-A6F47D0B3B3F}.Release|x86.Build.0 = Release|Any CPU
		{228DE8C0-60B4-4428-9F54-A6F47D0B3B3F}.ReleaseSquirrel|Any CPU.ActiveCfg = Release|Any CPU
		{228DE8C0-60B4-4428-9F54-A6F47D0B3B3F}.ReleaseSquirrel|Any CPU.Build.0 = Release|Any CPU
		{228DE8C0-60B4-4428-9F54-A6F47D0B3B3F}.ReleaseSquirrel|ARM.ActiveCfg = Release|Any CPU
		{228DE8C0-60B4-4428-9F54-A6F47D0B3B3F}.ReleaseSquirrel|ARM.Build.0 = Release|Any CPU
		{228DE8C0-60B4-4428-9F54-A6F47D0B3B3F}.ReleaseSquirrel|x64.ActiveCfg = Release|Any CPU
		{228DE8C0-60B4-4428-9F54-A6F47D0B3B3F}.ReleaseSquirrel|x64.Build.0 = Release|Any CPU
		{228DE8C0-60B4-4428-9F54-A6F47D0B3B3F}.ReleaseSquirrel|x86.ActiveCfg = Release|Any CPU
		{228DE8C0-60B4-4428-9F54-A6F47D0B3B3F}.ReleaseSquirrel|x86.Build.0 = Release|Any CPU
	EndGlobalSection
	GlobalSection(SolutionProperties) = preSolution
		HideSolutionNode = FALSE
	EndGlobalSection
	GlobalSection(NestedProjects) = preSolution
		{C7AD1AC0-565B-407A-86D8-227B0242AAB3} = {91151FA1-C79C-41D1-9BEF-9AC6DE913AFA}
		{228DE8C0-60B4-4428-9F54-A6F47D0B3B3F} = {91151FA1-C79C-41D1-9BEF-9AC6DE913AFA}
	EndGlobalSection
	GlobalSection(ExtensibilityGlobals) = postSolution
		SolutionGuid = {E834B448-AD87-4159-8FF3-28CA12275106}
	EndGlobalSection
EndGlobal
